Microsoft Visual Studio Solution File, Format Version 12.00
# Visual Studio 15
VisualStudioVersion = 15.0.26124.0
MinimumVisualStudioVersion = 15.0.26124.0
Project("{9A19103F-16F7-4668-BE54-9A1E7A4F7556}") = "myblog", "myblog\myblog.csproj", "{65652B5E-1EC3-4EF0-8AB6-4090FE9D05F6}"
EndProject
Project("{6EC3EE1D-3C4E-46DD-8F32-0CC8E7565705}") = "fsharpblog", "fsharpblog\fsharpblog.fsproj", "{7E97FFEB-84A5-4F3D-BDB6-1DC7BF5C0EA6}"
EndProject
Global
	GlobalSection(SolutionConfigurationPlatforms) = preSolution
		Debug|Any CPU = Debug|Any CPU
		Debug|x64 = Debug|x64
		Debug|x86 = Debug|x86
		Release|Any CPU = Release|Any CPU
		Release|x64 = Release|x64
		Release|x86 = Release|x86
	EndGlobalSection
	GlobalSection(ProjectConfigurationPlatforms) = postSolution
		{65652B5E-1EC3-4EF0-8AB6-4090FE9D05F6}.Debug|Any CPU.ActiveCfg = Debug|Any CPU
		{65652B5E-1EC3-4EF0-8AB6-4090FE9D05F6}.Debug|Any CPU.Build.0 = Debug|Any CPU
		{65652B5E-1EC3-4EF0-8AB6-4090FE9D05F6}.Debug|x64.ActiveCfg = Debug|Any CPU
		{65652B5E-1EC3-4EF0-8AB6-4090FE9D05F6}.Debug|x64.Build.0 = Debug|Any CPU
		{65652B5E-1EC3-4EF0-8AB6-4090FE9D05F6}.Debug|x86.ActiveCfg = Debug|Any CPU
		{65652B5E-1EC3-4EF0-8AB6-4090FE9D05F6}.Debug|x86.Build.0 = Debug|Any CPU
		{65652B5E-1EC3-4EF0-8AB6-4090FE9D05F6}.Release|Any CPU.ActiveCfg = Release|Any CPU
		{65652B5E-1EC3-4EF0-8AB6-4090FE9D05F6}.Release|Any CPU.Build.0 = Release|Any CPU
		{65652B5E-1EC3-4EF0-8AB6-4090FE9D05F6}.Release|x64.ActiveCfg = Release|Any CPU
		{65652B5E-1EC3-4EF0-8AB6-4090FE9D05F6}.Release|x64.Build.0 = Release|Any CPU
		{65652B5E-1EC3-4EF0-8AB6-4090FE9D05F6}.Release|x86.ActiveCfg = Release|Any CPU
		{65652B5E-1EC3-4EF0-8AB6-4090FE9D05F6}.Release|x86.Build.0 = Release|Any CPU
		{7E97FFEB-84A5-4F3D-BDB6-1DC7BF5C0EA6}.Debug|Any CPU.ActiveCfg = Debug|Any CPU
		{7E97FFEB-84A5-4F3D-BDB6-1DC7BF5C0EA6}.Debug|Any CPU.Build.0 = Debug|Any CPU
		{7E97FFEB-84A5-4F3D-BDB6-1DC7BF5C0EA6}.Debug|x64.ActiveCfg = Debug|Any CPU
		{7E97FFEB-84A5-4F3D-BDB6-1DC7BF5C0EA6}.Debug|x64.Build.0 = Debug|Any CPU
		{7E97FFEB-84A5-4F3D-BDB6-1DC7BF5C0EA6}.Debug|x86.ActiveCfg = Debug|Any CPU
		{7E97FFEB-84A5-4F3D-BDB6-1DC7BF5C0EA6}.Debug|x86.Build.0 = Debug|Any CPU
		{7E97FFEB-84A5-4F3D-BDB6-1DC7BF5C0EA6}.Release|Any CPU.ActiveCfg = Release|Any CPU
		{7E97FFEB-84A5-4F3D-BDB6-1DC7BF5C0EA6}.Release|Any CPU.Build.0 = Release|Any CPU
		{7E97FFEB-84A5-4F3D-BDB6-1DC7BF5C0EA6}.Release|x64.ActiveCfg = Release|Any CPU
		{7E97FFEB-84A5-4F3D-BDB6-1DC7BF5C0EA6}.Release|x64.Build.0 = Release|Any CPU
		{7E97FFEB-84A5-4F3D-BDB6-1DC7BF5C0EA6}.Release|x86.ActiveCfg = Release|Any CPU
		{7E97FFEB-84A5-4F3D-BDB6-1DC7BF5C0EA6}.Release|x86.Build.0 = Release|Any CPU
	EndGlobalSection
	GlobalSection(SolutionProperties) = preSolution
		HideSolutionNode = FALSE
	EndGlobalSection
	GlobalSection(ExtensibilityGlobals) = postSolution
		SolutionGuid = {24907613-A71E-4252-90AD-8C227BC2463C}
	EndGlobalSection
EndGlobal
